// !$*UTF8*$!
{
	archiveVersion = 1;
	classes = {
	};
	objectVersion = 46;
	objects = {

/* Begin PBXBuildFile section */
		39E3F83F200E47C500E460D5 /* CellDelegate.swift in Sources */ = {isa = PBXBuildFile; fileRef = 39E3F83E200E47C500E460D5 /* CellDelegate.swift */; };
		39E88BFB200DD9C70023B593 /* AppDelegate.swift in Sources */ = {isa = PBXBuildFile; fileRef = 39E88BFA200DD9C70023B593 /* AppDelegate.swift */; };
		39E88BFD200DD9C70023B593 /* HomeViewController.swift in Sources */ = {isa = PBXBuildFile; fileRef = 39E88BFC200DD9C70023B593 /* HomeViewController.swift */; };
		39E88C00200DD9C70023B593 /* Main.storyboard in Resources */ = {isa = PBXBuildFile; fileRef = 39E88BFE200DD9C70023B593 /* Main.storyboard */; };
		39E88C02200DD9C70023B593 /* Assets.xcassets in Resources */ = {isa = PBXBuildFile; fileRef = 39E88C01200DD9C70023B593 /* Assets.xcassets */; };
		39E88C05200DD9C70023B593 /* LaunchScreen.storyboard in Resources */ = {isa = PBXBuildFile; fileRef = 39E88C03200DD9C70023B593 /* LaunchScreen.storyboard */; };
		39E88C0D200DFE0C0023B593 /* Category.swift in Sources */ = {isa = PBXBuildFile; fileRef = 39E88C0C200DFE0C0023B593 /* Category.swift */; };
		39E88C11200E14C80023B593 /* HomeTableViewCell.swift in Sources */ = {isa = PBXBuildFile; fileRef = 39E88C10200E14C80023B593 /* HomeTableViewCell.swift */; };
		39E88C13200E28080023B593 /* EditViewController.swift in Sources */ = {isa = PBXBuildFile; fileRef = 39E88C12200E28080023B593 /* EditViewController.swift */; };
		39E88C15200E2B060023B593 /* EditTableViewCell.swift in Sources */ = {isa = PBXBuildFile; fileRef = 39E88C14200E2B060023B593 /* EditTableViewCell.swift */; };
/* End PBXBuildFile section */

/* Begin PBXFileReference section */
		39E3F83E200E47C500E460D5 /* CellDelegate.swift */ = {isa = PBXFileReference; fileEncoding = 4; lastKnownFileType = sourcecode.swift; path = CellDelegate.swift; sourceTree = "<group>"; };
		39E88BF7200DD9C70023B593 /* cosc2659_assignment3_stb.app */ = {isa = PBXFileReference; explicitFileType = wrapper.application; includeInIndex = 0; path = cosc2659_assignment3_stb.app; sourceTree = BUILT_PRODUCTS_DIR; };
		39E88BFA200DD9C70023B593 /* AppDelegate.swift */ = {isa = PBXFileReference; lastKnownFileType = sourcecode.swift; path = AppDelegate.swift; sourceTree = "<group>"; };
		39E88BFC200DD9C70023B593 /* HomeViewController.swift */ = {isa = PBXFileReference; lastKnownFileType = sourcecode.swift; path = HomeViewController.swift; sourceTree = "<group>"; };
		39E88BFF200DD9C70023B593 /* Base */ = {isa = PBXFileReference; lastKnownFileType = file.storyboard; name = Base; path = Base.lproj/Main.storyboard; sourceTree = "<group>"; };
		39E88C01200DD9C70023B593 /* Assets.xcassets */ = {isa = PBXFileReference; lastKnownFileType = folder.assetcatalog; path = Assets.xcassets; sourceTree = "<group>"; };
		39E88C04200DD9C70023B593 /* Base */ = {isa = PBXFileReference; lastKnownFileType = file.storyboard; name = Base; path = Base.lproj/LaunchScreen.storyboard; sourceTree = "<group>"; };
		39E88C06200DD9C70023B593 /* Info.plist */ = {isa = PBXFileReference; lastKnownFileType = text.plist.xml; path = Info.plist; sourceTree = "<group>"; };
		39E88C0C200DFE0C0023B593 /* Category.swift */ = {isa = PBXFileReference; fileEncoding = 4; lastKnownFileType = sourcecode.swift; path = Category.swift; sourceTree = "<group>"; };
		39E88C10200E14C80023B593 /* HomeTableViewCell.swift */ = {isa = PBXFileReference; fileEncoding = 4; lastKnownFileType = sourcecode.swift; path = HomeTableViewCell.swift; sourceTree = "<group>"; };
		39E88C12200E28080023B593 /* EditViewController.swift */ = {isa = PBXFileReference; fileEncoding = 4; lastKnownFileType = sourcecode.swift; path = EditViewController.swift; sourceTree = "<group>"; };
		39E88C14200E2B060023B593 /* EditTableViewCell.swift */ = {isa = PBXFileReference; fileEncoding = 4; lastKnownFileType = sourcecode.swift; path = EditTableViewCell.swift; sourceTree = "<group>"; };
/* End PBXFileReference section */

/* Begin PBXFrameworksBuildPhase section */
		39E88BF4200DD9C70023B593 /* Frameworks */ = {
			isa = PBXFrameworksBuildPhase;
			buildActionMask = 2147483647;
			files = (
			);
			runOnlyForDeploymentPostprocessing = 0;
		};
/* End PBXFrameworksBuildPhase section */

/* Begin PBXGroup section */
		39E88BEE200DD9C70023B593 = {
			isa = PBXGroup;
			children = (
				39E88BF9200DD9C70023B593 /* cosc2659_assignment3_stb */,
				39E88BF8200DD9C70023B593 /* Products */,
			);
			sourceTree = "<group>";
		};
		39E88BF8200DD9C70023B593 /* Products */ = {
			isa = PBXGroup;
			children = (
				39E88BF7200DD9C70023B593 /* cosc2659_assignment3_stb.app */,
			);
			name = Products;
			sourceTree = "<group>";
		};
		39E88BF9200DD9C70023B593 /* cosc2659_assignment3_stb */ = {
			isa = PBXGroup;
			children = (
				39E88BFA200DD9C70023B593 /* AppDelegate.swift */,
				39E88C14200E2B060023B593 /* EditTableViewCell.swift */,
				39E88C12200E28080023B593 /* EditViewController.swift */,
				39E88C10200E14C80023B593 /* HomeTableViewCell.swift */,
				39E88BFC200DD9C70023B593 /* HomeViewController.swift */,
				39E88BFE200DD9C70023B593 /* Main.storyboard */,
				39E88C01200DD9C70023B593 /* Assets.xcassets */,
				39E88C03200DD9C70023B593 /* LaunchScreen.storyboard */,
				39E88C06200DD9C70023B593 /* Info.plist */,
				39E88C0C200DFE0C0023B593 /* Category.swift */,
				39E3F83E200E47C500E460D5 /* CellDelegate.swift */,
			);
			path = cosc2659_assignment3_stb;
			sourceTree = "<group>";
		};
/* End PBXGroup section */

/* Begin PBXNativeTarget section */
		39E88BF6200DD9C70023B593 /* cosc2659_assignment3_stb */ = {
			isa = PBXNativeTarget;
			buildConfigurationList = 39E88C09200DD9C70023B593 /* Build configuration list for PBXNativeTarget "cosc2659_assignment3_stb" */;
			buildPhases = (
				39E88BF3200DD9C70023B593 /* Sources */,
				39E88BF4200DD9C70023B593 /* Frameworks */,
				39E88BF5200DD9C70023B593 /* Resources */,
			);
			buildRules = (
			);
			dependencies = (
			);
			name = cosc2659_assignment3_stb;
			productName = cosc2659_assignment3_stb;
			productReference = 39E88BF7200DD9C70023B593 /* cosc2659_assignment3_stb.app */;
			productType = "com.apple.product-type.application";
		};
/* End PBXNativeTarget section */

/* Begin PBXProject section */
		39E88BEF200DD9C70023B593 /* Project object */ = {
			isa = PBXProject;
			attributes = {
				LastSwiftUpdateCheck = 0800;
				LastUpgradeCheck = 0800;
				TargetAttributes = {
					39E88BF6200DD9C70023B593 = {
						CreatedOnToolsVersion = 8.0;
						ProvisioningStyle = Automatic;
					};
				};
			};
			buildConfigurationList = 39E88BF2200DD9C70023B593 /* Build configuration list for PBXProject "cosc2659_assignment3_stb" */;
			compatibilityVersion = "Xcode 3.2";
			developmentRegion = English;
			hasScannedForEncodings = 0;
			knownRegions = (
				en,
				Base,
			);
			mainGroup = 39E88BEE200DD9C70023B593;
			productRefGroup = 39E88BF8200DD9C70023B593 /* Products */;
			projectDirPath = "";
			projectRoot = "";
			targets = (
				39E88BF6200DD9C70023B593 /* cosc2659_assignment3_stb */,
			);
		};
/* End PBXProject section */

/* Begin PBXResourcesBuildPhase section */
		39E88BF5200DD9C70023B593 /* Resources */ = {
			isa = PBXResourcesBuildPhase;
			buildActionMask = 2147483647;
			files = (
				39E88C05200DD9C70023B593 /* LaunchScreen.storyboard in Resources */,
				39E88C02200DD9C70023B593 /* Assets.xcassets in Resources */,
				39E88C00200DD9C70023B593 /* Main.storyboard in Resources */,
			);
			runOnlyForDeploymentPostprocessing = 0;
		};
/* End PBXResourcesBuildPhase section */

/* Begin PBXSourcesBuildPhase section */
		39E88BF3200DD9C70023B593 /* Sources */ = {
			isa = PBXSourcesBuildPhase;
			buildActionMask = 2147483647;
			files = (
				39E88C13200E28080023B593 /* EditViewController.swift in Sources */,
				39E88BFD200DD9C70023B593 /* HomeViewController.swift in Sources */,
				39E3F83F200E47C500E460D5 /* CellDelegate.swift in Sources */,
				39E88C11200E14C80023B593 /* HomeTableViewCell.swift in Sources */,
				39E88C15200E2B060023B593 /* EditTableViewCell.swift in Sources */,
				39E88BFB200DD9C70023B593 /* AppDelegate.swift in Sources */,
				39E88C0D200DFE0C0023B593 /* Category.swift in Sources */,
			);
			runOnlyForDeploymentPostprocessing = 0;
		};
/* End PBXSourcesBuildPhase section */

/* Begin PBXVariantGroup section */
		39E88BFE200DD9C70023B593 /* Main.storyboard */ = {
			isa = PBXVariantGroup;
			children = (
				39E88BFF200DD9C70023B593 /* Base */,
			);
			name = Main.storyboard;
			sourceTree = "<group>";
		};
		39E88C03200DD9C70023B593 /* LaunchScreen.storyboard */ = {
			isa = PBXVariantGroup;
			children = (
				39E88C04200DD9C70023B593 /* Base */,
			);
			name = LaunchScreen.storyboard;
			sourceTree = "<group>";
		};
/* End PBXVariantGroup section */

/* Begin XCBuildConfiguration section */
		39E88C07200DD9C70023B593 /* Debug */ = {
			isa = XCBuildConfiguration;
			buildSettings = {
				ALWAYS_SEARCH_USER_PATHS = NO;
				CLANG_ANALYZER_NONNULL = YES;
				CLANG_CXX_LANGUAGE_STANDARD = "gnu++0x";
				CLANG_CXX_LIBRARY = "libc++";
				CLANG_ENABLE_MODULES = YES;
				CLANG_ENABLE_OBJC_ARC = YES;
				CLANG_WARN_BOOL_CONVERSION = YES;
				CLANG_WARN_CONSTANT_CONVERSION = YES;
				CLANG_WARN_DIRECT_OBJC_ISA_USAGE = YES_ERROR;
				CLANG_WARN_DOCUMENTATION_COMMENTS = YES;
				CLANG_WARN_EMPTY_BODY = YES;
				CLANG_WARN_ENUM_CONVERSION = YES;
				CLANG_WARN_INFINITE_RECURSION = YES;
				CLANG_WARN_INT_CONVERSION = YES;
				CLANG_WARN_OBJC_ROOT_CLASS = YES_ERROR;
				CLANG_WARN_SUSPICIOUS_MOVES = YES;
				CLANG_WARN_UNREACHABLE_CODE = YES;
				CLANG_WARN__DUPLICATE_METHOD_MATCH = YES;
				"CODE_SIGN_IDENTITY[sdk=iphoneos*]" = "iPhone Developer";
				COPY_PHASE_STRIP = NO;
				DEBUG_INFORMATION_FORMAT = dwarf;
				ENABLE_STRICT_OBJC_MSGSEND = YES;
				ENABLE_TESTABILITY = YES;
				GCC_C_LANGUAGE_STANDARD = gnu99;
				GCC_DYNAMIC_NO_PIC = NO;
				GCC_NO_COMMON_BLOCKS = YES;
				GCC_OPTIMIZATION_LEVEL = 0;
				GCC_PREPROCESSOR_DEFINITIONS = (
					"DEBUG=1",
					"$(inherited)",
				);
				GCC_WARN_64_TO_32_BIT_CONVERSION = YES;
				GCC_WARN_ABOUT_RETURN_TYPE = YES_ERROR;
				GCC_WARN_UNDECLARED_SELECTOR = YES;
				GCC_WARN_UNINITIALIZED_AUTOS = YES_AGGRESSIVE;
				GCC_WARN_UNUSED_FUNCTION = YES;
				GCC_WARN_UNUSED_VARIABLE = YES;
				IPHONEOS_DEPLOYMENT_TARGET = 10.0;
				MTL_ENABLE_DEBUG_INFO = YES;
				ONLY_ACTIVE_ARCH = YES;
				SDKROOT = iphoneos;
				SWIFT_ACTIVE_COMPILATION_CONDITIONS = DEBUG;
				SWIFT_OPTIMIZATION_LEVEL = "-Onone";
				TARGETED_DEVICE_FAMILY = "1,2";
			};
			name = Debug;
		};
		39E88C08200DD9C70023B593 /* Release */ = {
			isa = XCBuildConfiguration;
			buildSettings = {
				ALWAYS_SEARCH_USER_PATHS = NO;
				CLANG_ANALYZER_NONNULL = YES;
				CLANG_CXX_LANGUAGE_STANDARD = "gnu++0x";
				CLANG_CXX_LIBRARY = "libc++";
				CLANG_ENABLE_MODULES = YES;
				CLANG_ENABLE_OBJC_ARC = YES;
				CLANG_WARN_BOOL_CONVERSION = YES;
				CLANG_WARN_CONSTANT_CONVERSION = YES;
				CLANG_WARN_DIRECT_OBJC_ISA_USAGE = YES_ERROR;
				CLANG_WARN_DOCUMENTATION_COMMENTS = YES;
				CLANG_WARN_EMPTY_BODY = YES;
				CLANG_WARN_ENUM_CONVERSION = YES;
				CLANG_WARN_INFINITE_RECURSION = YES;
				CLANG_WARN_INT_CONVERSION = YES;
				CLANG_WARN_OBJC_ROOT_CLASS = YES_ERROR;
				CLANG_WARN_SUSPICIOUS_MOVES = YES;
				CLANG_WARN_UNREACHABLE_CODE = YES;
				CLANG_WARN__DUPLICATE_METHOD_MATCH = YES;
				"CODE_SIGN_IDENTITY[sdk=iphoneos*]" = "iPhone Developer";
				COPY_PHASE_STRIP = NO;
				DEBUG_INFORMATION_FORMAT = "dwarf-with-dsym";
				ENABLE_NS_ASSERTIONS = NO;
				ENABLE_STRICT_OBJC_MSGSEND = YES;
				GCC_C_LANGUAGE_STANDARD = gnu99;
				GCC_NO_COMMON_BLOCKS = YES;
				GCC_WARN_64_TO_32_BIT_CONVERSION = YES;
				GCC_WARN_ABOUT_RETURN_TYPE = YES_ERROR;
				GCC_WARN_UNDECLARED_SELECTOR = YES;
				GCC_WARN_UNINITIALIZED_AUTOS = YES_AGGRESSIVE;
				GCC_WARN_UNUSED_FUNCTION = YES;
				GCC_WARN_UNUSED_VARIABLE = YES;
				IPHONEOS_DEPLOYMENT_TARGET = 10.0;
				MTL_ENABLE_DEBUG_INFO = NO;
				SDKROOT = iphoneos;
				SWIFT_OPTIMIZATION_LEVEL = "-Owholemodule";
				TARGETED_DEVICE_FAMILY = "1,2";
				VALIDATE_PRODUCT = YES;
			};
			name = Release;
		};
		39E88C0A200DD9C70023B593 /* Debug */ = {
			isa = XCBuildConfiguration;
			buildSettings = {
				ASSETCATALOG_COMPILER_APPICON_NAME = AppIcon;
				INFOPLIST_FILE = cosc2659_assignment3_stb/Info.plist;
				LD_RUNPATH_SEARCH_PATHS = "$(inherited) @executable_path/Frameworks";
				PRODUCT_BUNDLE_IDENTIFIER = "com.example.cosc2659-assignment3-stb";
				PRODUCT_NAME = "$(TARGET_NAME)";
				SWIFT_VERSION = 3.0;
			};
			name = Debug;
		};
		39E88C0B200DD9C70023B593 /* Release */ = {
			isa = XCBuildConfiguration;
			buildSettings = {
				ASSETCATALOG_COMPILER_APPICON_NAME = AppIcon;
				INFOPLIST_FILE = cosc2659_assignment3_stb/Info.plist;
				LD_RUNPATH_SEARCH_PATHS = "$(inherited) @executable_path/Frameworks";
				PRODUCT_BUNDLE_IDENTIFIER = "com.example.cosc2659-assignment3-stb";
				PRODUCT_NAME = "$(TARGET_NAME)";
				SWIFT_VERSION = 3.0;
			};
			name = Release;
		};
/* End XCBuildConfiguration section */

/* Begin XCConfigurationList section */
		39E88BF2200DD9C70023B593 /* Build configuration list for PBXProject "cosc2659_assignment3_stb" */ = {
			isa = XCConfigurationList;
			buildConfigurations = (
				39E88C07200DD9C70023B593 /* Debug */,
				39E88C08200DD9C70023B593 /* Release */,
			);
			defaultConfigurationIsVisible = 0;
			defaultConfigurationName = Release;
		};
		39E88C09200DD9C70023B593 /* Build configuration list for PBXNativeTarget "cosc2659_assignment3_stb" */ = {
			isa = XCConfigurationList;
			buildConfigurations = (
				39E88C0A200DD9C70023B593 /* Debug */,
				39E88C0B200DD9C70023B593 /* Release */,
			);
			defaultConfigurationIsVisible = 0;
			defaultConfigurationName = Release;
		};
/* End XCConfigurationList section */
	};
	rootObject = 39E88BEF200DD9C70023B593 /* Project object */;
}
